// !$*UTF8*$!
{
	archiveVersion = 1;
	classes = {
	};
	objectVersion = 50;
	objects = {

/* Begin PBXBuildFile section */
		CF8CA21C2628958A00DE614A /* AppDelegate.swift in Sources */ = {isa = PBXBuildFile; fileRef = CF8CA21B2628958A00DE614A /* AppDelegate.swift */; };
		CF8CA21E2628958A00DE614A /* SceneDelegate.swift in Sources */ = {isa = PBXBuildFile; fileRef = CF8CA21D2628958A00DE614A /* SceneDelegate.swift */; };
		CF8CA2202628958A00DE614A /* ViewController.swift in Sources */ = {isa = PBXBuildFile; fileRef = CF8CA21F2628958A00DE614A /* ViewController.swift */; };
		CF8CA2232628958A00DE614A /* Main.storyboard in Resources */ = {isa = PBXBuildFile; fileRef = CF8CA2212628958A00DE614A /* Main.storyboard */; };
		CF8CA2262628958A00DE614A /* CollecionDeJuegos.xcdatamodeld in Sources */ = {isa = PBXBuildFile; fileRef = CF8CA2242628958A00DE614A /* CollecionDeJuegos.xcdatamodeld */; };
		CF8CA2282628958C00DE614A /* Assets.xcassets in Resources */ = {isa = PBXBuildFile; fileRef = CF8CA2272628958C00DE614A /* Assets.xcassets */; };
		CF8CA22B2628958C00DE614A /* LaunchScreen.storyboard in Resources */ = {isa = PBXBuildFile; fileRef = CF8CA2292628958C00DE614A /* LaunchScreen.storyboard */; };
		CF8CA23E26289D6E00DE614A /* CreateOrUpdateGameViewController.swift in Sources */ = {isa = PBXBuildFile; fileRef = CF8CA23D26289D6E00DE614A /* CreateOrUpdateGameViewController.swift */; };
/* End PBXBuildFile section */

/* Begin PBXFileReference section */
		CF8CA2182628958A00DE614A /* CollecionDeJuegos.app */ = {isa = PBXFileReference; explicitFileType = wrapper.application; includeInIndex = 0; path = CollecionDeJuegos.app; sourceTree = BUILT_PRODUCTS_DIR; };
		CF8CA21B2628958A00DE614A /* AppDelegate.swift */ = {isa = PBXFileReference; lastKnownFileType = sourcecode.swift; path = AppDelegate.swift; sourceTree = "<group>"; };
		CF8CA21D2628958A00DE614A /* SceneDelegate.swift */ = {isa = PBXFileReference; lastKnownFileType = sourcecode.swift; path = SceneDelegate.swift; sourceTree = "<group>"; };
		CF8CA21F2628958A00DE614A /* ViewController.swift */ = {isa = PBXFileReference; lastKnownFileType = sourcecode.swift; path = ViewController.swift; sourceTree = "<group>"; };
		CF8CA2222628958A00DE614A /* Base */ = {isa = PBXFileReference; lastKnownFileType = file.storyboard; name = Base; path = Base.lproj/Main.storyboard; sourceTree = "<group>"; };
		CF8CA2252628958A00DE614A /* CollecionDeJuegos.xcdatamodel */ = {isa = PBXFileReference; lastKnownFileType = wrapper.xcdatamodel; path = CollecionDeJuegos.xcdatamodel; sourceTree = "<group>"; };
		CF8CA2272628958C00DE614A /* Assets.xcassets */ = {isa = PBXFileReference; lastKnownFileType = folder.assetcatalog; path = Assets.xcassets; sourceTree = "<group>"; };
		CF8CA22A2628958C00DE614A /* Base */ = {isa = PBXFileReference; lastKnownFileType = file.storyboard; name = Base; path = Base.lproj/LaunchScreen.storyboard; sourceTree = "<group>"; };
		CF8CA22C2628958C00DE614A /* Info.plist */ = {isa = PBXFileReference; lastKnownFileType = text.plist.xml; path = Info.plist; sourceTree = "<group>"; };
		CF8CA23D26289D6E00DE614A /* CreateOrUpdateGameViewController.swift */ = {isa = PBXFileReference; lastKnownFileType = sourcecode.swift; path = CreateOrUpdateGameViewController.swift; sourceTree = "<group>"; };
/* End PBXFileReference section */

/* Begin PBXFrameworksBuildPhase section */
		CF8CA2152628958A00DE614A /* Frameworks */ = {
			isa = PBXFrameworksBuildPhase;
			buildActionMask = 2147483647;
			files = (
			);
			runOnlyForDeploymentPostprocessing = 0;
		};
/* End PBXFrameworksBuildPhase section */

/* Begin PBXGroup section */
		CF8CA20F2628958A00DE614A = {
			isa = PBXGroup;
			children = (
				CF8CA21A2628958A00DE614A /* CollecionDeJuegos */,
				CF8CA2192628958A00DE614A /* Products */,
			);
			sourceTree = "<group>";
		};
		CF8CA2192628958A00DE614A /* Products */ = {
			isa = PBXGroup;
			children = (
				CF8CA2182628958A00DE614A /* CollecionDeJuegos.app */,
			);
			name = Products;
			sourceTree = "<group>";
		};
		CF8CA21A2628958A00DE614A /* CollecionDeJuegos */ = {
			isa = PBXGroup;
			children = (
				CF8CA23826289B4A00DE614A /* View */,
				CF8CA23526289AFF00DE614A /* Application */,
				CF8CA23426289AD900DE614A /* Controller */,
				CF8CA23326289A8B00DE614A /* Resources */,
				CF8CA22C2628958C00DE614A /* Info.plist */,
				CF8CA2242628958A00DE614A /* CollecionDeJuegos.xcdatamodeld */,
			);
			path = CollecionDeJuegos;
			sourceTree = "<group>";
		};
		CF8CA23326289A8B00DE614A /* Resources */ = {
			isa = PBXGroup;
			children = (
				CF8CA2272628958C00DE614A /* Assets.xcassets */,
			);
			path = Resources;
			sourceTree = "<group>";
		};
		CF8CA23426289AD900DE614A /* Controller */ = {
			isa = PBXGroup;
			children = (
				CF8CA21F2628958A00DE614A /* ViewController.swift */,
				CF8CA23D26289D6E00DE614A /* CreateOrUpdateGameViewController.swift */,
			);
			path = Controller;
			sourceTree = "<group>";
		};
		CF8CA23526289AFF00DE614A /* Application */ = {
			isa = PBXGroup;
			children = (
				CF8CA21D2628958A00DE614A /* SceneDelegate.swift */,
				CF8CA21B2628958A00DE614A /* AppDelegate.swift */,
			);
			path = Application;
			sourceTree = "<group>";
		};
		CF8CA23826289B4A00DE614A /* View */ = {
			isa = PBXGroup;
			children = (
				CF8CA2212628958A00DE614A /* Main.storyboard */,
				CF8CA2292628958C00DE614A /* LaunchScreen.storyboard */,
			);
			path = View;
			sourceTree = "<group>";
		};
/* End PBXGroup section */

/* Begin PBXNativeTarget section */
		CF8CA2172628958A00DE614A /* CollecionDeJuegos */ = {
			isa = PBXNativeTarget;
			buildConfigurationList = CF8CA22F2628958C00DE614A /* Build configuration list for PBXNativeTarget "CollecionDeJuegos" */;
			buildPhases = (
				CF8CA2142628958A00DE614A /* Sources */,
				CF8CA2152628958A00DE614A /* Frameworks */,
				CF8CA2162628958A00DE614A /* Resources */,
			);
			buildRules = (
			);
			dependencies = (
			);
			name = CollecionDeJuegos;
			productName = CollecionDeJuegos;
			productReference = CF8CA2182628958A00DE614A /* CollecionDeJuegos.app */;
			productType = "com.apple.product-type.application";
		};
/* End PBXNativeTarget section */

/* Begin PBXProject section */
		CF8CA2102628958A00DE614A /* Project object */ = {
			isa = PBXProject;
			attributes = {
				LastSwiftUpdateCheck = 1240;
				LastUpgradeCheck = 1240;
				TargetAttributes = {
					CF8CA2172628958A00DE614A = {
						CreatedOnToolsVersion = 12.4;
					};
				};
			};
			buildConfigurationList = CF8CA2132628958A00DE614A /* Build configuration list for PBXProject "CollecionDeJuegos" */;
			compatibilityVersion = "Xcode 9.3";
			developmentRegion = en;
			hasScannedForEncodings = 0;
			knownRegions = (
				en,
				Base,
			);
			mainGroup = CF8CA20F2628958A00DE614A;
			productRefGroup = CF8CA2192628958A00DE614A /* Products */;
			projectDirPath = "";
			projectRoot = "";
			targets = (
				CF8CA2172628958A00DE614A /* CollecionDeJuegos */,
			);
		};
/* End PBXProject section */

/* Begin PBXResourcesBuildPhase section */
		CF8CA2162628958A00DE614A /* Resources */ = {
			isa = PBXResourcesBuildPhase;
			buildActionMask = 2147483647;
			files = (
				CF8CA22B2628958C00DE614A /* LaunchScreen.storyboard in Resources */,
				CF8CA2282628958C00DE614A /* Assets.xcassets in Resources */,
				CF8CA2232628958A00DE614A /* Main.storyboard in Resources */,
			);
			runOnlyForDeploymentPostprocessing = 0;
		};
/* End PBXResourcesBuildPhase section */

/* Begin PBXSourcesBuildPhase section */
		CF8CA2142628958A00DE614A /* Sources */ = {
			isa = PBXSourcesBuildPhase;
			buildActionMask = 2147483647;
			files = (
				CF8CA2262628958A00DE614A /* CollecionDeJuegos.xcdatamodeld in Sources */,
				CF8CA2202628958A00DE614A /* ViewController.swift in Sources */,
				CF8CA21C2628958A00DE614A /* AppDelegate.swift in Sources */,
				CF8CA23E26289D6E00DE614A /* CreateOrUpdateGameViewController.swift in Sources */,
				CF8CA21E2628958A00DE614A /* SceneDelegate.swift in Sources */,
			);
			runOnlyForDeploymentPostprocessing = 0;
		};
/* End PBXSourcesBuildPhase section */

/* Begin PBXVariantGroup section */
		CF8CA2212628958A00DE614A /* Main.storyboard */ = {
			isa = PBXVariantGroup;
			children = (
				CF8CA2222628958A00DE614A /* Base */,
			);
			name = Main.storyboard;
			sourceTree = "<group>";
		};
		CF8CA2292628958C00DE614A /* LaunchScreen.storyboard */ = {
			isa = PBXVariantGroup;
			children = (
				CF8CA22A2628958C00DE614A /* Base */,
			);
			name = LaunchScreen.storyboard;
			sourceTree = "<group>";
		};
/* End PBXVariantGroup section */

/* Begin XCBuildConfiguration section */
		CF8CA22D2628958C00DE614A /* Debug */ = {
			isa = XCBuildConfiguration;
			buildSettings = {
				ALWAYS_SEARCH_USER_PATHS = NO;
				CLANG_ANALYZER_NONNULL = YES;
				CLANG_ANALYZER_NUMBER_OBJECT_CONVERSION = YES_AGGRESSIVE;
				CLANG_CXX_LANGUAGE_STANDARD = "gnu++14";
				CLANG_CXX_LIBRARY = "libc++";
				CLANG_ENABLE_MODULES = YES;
				CLANG_ENABLE_OBJC_ARC = YES;
				CLANG_ENABLE_OBJC_WEAK = YES;
				CLANG_WARN_BLOCK_CAPTURE_AUTORELEASING = YES;
				CLANG_WARN_BOOL_CONVERSION = YES;
				CLANG_WARN_COMMA = YES;
				CLANG_WARN_CONSTANT_CONVERSION = YES;
				CLANG_WARN_DEPRECATED_OBJC_IMPLEMENTATIONS = YES;
				CLANG_WARN_DIRECT_OBJC_ISA_USAGE = YES_ERROR;
				CLANG_WARN_DOCUMENTATION_COMMENTS = YES;
				CLANG_WARN_EMPTY_BODY = YES;
				CLANG_WARN_ENUM_CONVERSION = YES;
				CLANG_WARN_INFINITE_RECURSION = YES;
				CLANG_WARN_INT_CONVERSION = YES;
				CLANG_WARN_NON_LITERAL_NULL_CONVERSION = YES;
				CLANG_WARN_OBJC_IMPLICIT_RETAIN_SELF = YES;
				CLANG_WARN_OBJC_LITERAL_CONVERSION = YES;
				CLANG_WARN_OBJC_ROOT_CLASS = YES_ERROR;
				CLANG_WARN_QUOTED_INCLUDE_IN_FRAMEWORK_HEADER = YES;
				CLANG_WARN_RANGE_LOOP_ANALYSIS = YES;
				CLANG_WARN_STRICT_PROTOTYPES = YES;
				CLANG_WARN_SUSPICIOUS_MOVE = YES;
				CLANG_WARN_UNGUARDED_AVAILABILITY = YES_AGGRESSIVE;
				CLANG_WARN_UNREACHABLE_CODE = YES;
				CLANG_WARN__DUPLICATE_METHOD_MATCH = YES;
				COPY_PHASE_STRIP = NO;
				DEBUG_INFORMATION_FORMAT = dwarf;
				ENABLE_STRICT_OBJC_MSGSEND = YES;
				ENABLE_TESTABILITY = YES;
				GCC_C_LANGUAGE_STANDARD = gnu11;
				GCC_DYNAMIC_NO_PIC = NO;
				GCC_NO_COMMON_BLOCKS = YES;
				GCC_OPTIMIZATION_LEVEL = 0;
				GCC_PREPROCESSOR_DEFINITIONS = (
					"DEBUG=1",
					"$(inherited)",
				);
				GCC_WARN_64_TO_32_BIT_CONVERSION = YES;
				GCC_WARN_ABOUT_RETURN_TYPE = YES_ERROR;
				GCC_WARN_UNDECLARED_SELECTOR = YES;
				GCC_WARN_UNINITIALIZED_AUTOS = YES_AGGRESSIVE;
				GCC_WARN_UNUSED_FUNCTION = YES;
				GCC_WARN_UNUSED_VARIABLE = YES;
				IPHONEOS_DEPLOYMENT_TARGET = 14.4;
				MTL_ENABLE_DEBUG_INFO = INCLUDE_SOURCE;
				MTL_FAST_MATH = YES;
				ONLY_ACTIVE_ARCH = YES;
				SDKROOT = iphoneos;
				SWIFT_ACTIVE_COMPILATION_CONDITIONS = DEBUG;
				SWIFT_OPTIMIZATION_LEVEL = "-Onone";
			};
			name = Debug;
		};
		CF8CA22E2628958C00DE614A /* Release */ = {
			isa = XCBuildConfiguration;
			buildSettings = {
				ALWAYS_SEARCH_USER_PATHS = NO;
				CLANG_ANALYZER_NONNULL = YES;
				CLANG_ANALYZER_NUMBER_OBJECT_CONVERSION = YES_AGGRESSIVE;
				CLANG_CXX_LANGUAGE_STANDARD = "gnu++14";
				CLANG_CXX_LIBRARY = "libc++";
				CLANG_ENABLE_MODULES = YES;
				CLANG_ENABLE_OBJC_ARC = YES;
				CLANG_ENABLE_OBJC_WEAK = YES;
				CLANG_WARN_BLOCK_CAPTURE_AUTORELEASING = YES;
				CLANG_WARN_BOOL_CONVERSION = YES;
				CLANG_WARN_COMMA = YES;
				CLANG_WARN_CONSTANT_CONVERSION = YES;
				CLANG_WARN_DEPRECATED_OBJC_IMPLEMENTATIONS = YES;
				CLANG_WARN_DIRECT_OBJC_ISA_USAGE = YES_ERROR;
				CLANG_WARN_DOCUMENTATION_COMMENTS = YES;
				CLANG_WARN_EMPTY_BODY = YES;
				CLANG_WARN_ENUM_CONVERSION = YES;
				CLANG_WARN_INFINITE_RECURSION = YES;
				CLANG_WARN_INT_CONVERSION = YES;
				CLANG_WARN_NON_LITERAL_NULL_CONVERSION = YES;
				CLANG_WARN_OBJC_IMPLICIT_RETAIN_SELF = YES;
				CLANG_WARN_OBJC_LITERAL_CONVERSION = YES;
				CLANG_WARN_OBJC_ROOT_CLASS = YES_ERROR;
				CLANG_WARN_QUOTED_INCLUDE_IN_FRAMEWORK_HEADER = YES;
				CLANG_WARN_RANGE_LOOP_ANALYSIS = YES;
				CLANG_WARN_STRICT_PROTOTYPES = YES;
				CLANG_WARN_SUSPICIOUS_MOVE = YES;
				CLANG_WARN_UNGUARDED_AVAILABILITY = YES_AGGRESSIVE;
				CLANG_WARN_UNREACHABLE_CODE = YES;
				CLANG_WARN__DUPLICATE_METHOD_MATCH = YES;
				COPY_PHASE_STRIP = NO;
				DEBUG_INFORMATION_FORMAT = "dwarf-with-dsym";
				ENABLE_NS_ASSERTIONS = NO;
				ENABLE_STRICT_OBJC_MSGSEND = YES;
				GCC_C_LANGUAGE_STANDARD = gnu11;
				GCC_NO_COMMON_BLOCKS = YES;
				GCC_WARN_64_TO_32_BIT_CONVERSION = YES;
				GCC_WARN_ABOUT_RETURN_TYPE = YES_ERROR;
				GCC_WARN_UNDECLARED_SELECTOR = YES;
				GCC_WARN_UNINITIALIZED_AUTOS = YES_AGGRESSIVE;
				GCC_WARN_UNUSED_FUNCTION = YES;
				GCC_WARN_UNUSED_VARIABLE = YES;
				IPHONEOS_DEPLOYMENT_TARGET = 14.4;
				MTL_ENABLE_DEBUG_INFO = NO;
				MTL_FAST_MATH = YES;
				SDKROOT = iphoneos;
				SWIFT_COMPILATION_MODE = wholemodule;
				SWIFT_OPTIMIZATION_LEVEL = "-O";
				VALIDATE_PRODUCT = YES;
			};
			name = Release;
		};
		CF8CA2302628958C00DE614A /* Debug */ = {
			isa = XCBuildConfiguration;
			buildSettings = {
				ASSETCATALOG_COMPILER_APPICON_NAME = AppIcon;
				ASSETCATALOG_COMPILER_GLOBAL_ACCENT_COLOR_NAME = AccentColor;
				CODE_SIGN_STYLE = Automatic;
				INFOPLIST_FILE = CollecionDeJuegos/Info.plist;
				LD_RUNPATH_SEARCH_PATHS = (
					"$(inherited)",
					"@executable_path/Frameworks",
				);
				PRODUCT_BUNDLE_IDENTIFIER = com.tecsup.CollecionDeJuegos;
				PRODUCT_NAME = "$(TARGET_NAME)";
				SWIFT_VERSION = 5.0;
				TARGETED_DEVICE_FAMILY = "1,2";
			};
			name = Debug;
		};
		CF8CA2312628958C00DE614A /* Release */ = {
			isa = XCBuildConfiguration;
			buildSettings = {
				ASSETCATALOG_COMPILER_APPICON_NAME = AppIcon;
				ASSETCATALOG_COMPILER_GLOBAL_ACCENT_COLOR_NAME = AccentColor;
				CODE_SIGN_STYLE = Automatic;
				INFOPLIST_FILE = CollecionDeJuegos/Info.plist;
				LD_RUNPATH_SEARCH_PATHS = (
					"$(inherited)",
					"@executable_path/Frameworks",
				);
				PRODUCT_BUNDLE_IDENTIFIER = com.tecsup.CollecionDeJuegos;
				PRODUCT_NAME = "$(TARGET_NAME)";
				SWIFT_VERSION = 5.0;
				TARGETED_DEVICE_FAMILY = "1,2";
			};
			name = Release;
		};
/* End XCBuildConfiguration section */

/* Begin XCConfigurationList section */
		CF8CA2132628958A00DE614A /* Build configuration list for PBXProject "CollecionDeJuegos" */ = {
			isa = XCConfigurationList;
			buildConfigurations = (
				CF8CA22D2628958C00DE614A /* Debug */,
				CF8CA22E2628958C00DE614A /* Release */,
			);
			defaultConfigurationIsVisible = 0;
			defaultConfigurationName = Release;
		};
		CF8CA22F2628958C00DE614A /* Build configuration list for PBXNativeTarget "CollecionDeJuegos" */ = {
			isa = XCConfigurationList;
			buildConfigurations = (
				CF8CA2302628958C00DE614A /* Debug */,
				CF8CA2312628958C00DE614A /* Release */,
			);
			defaultConfigurationIsVisible = 0;
			defaultConfigurationName = Release;
		};
/* End XCConfigurationList section */

/* Begin XCVersionGroup section */
		CF8CA2242628958A00DE614A /* CollecionDeJuegos.xcdatamodeld */ = {
			isa = XCVersionGroup;
			children = (
				CF8CA2252628958A00DE614A /* CollecionDeJuegos.xcdatamodel */,
			);
			currentVersion = CF8CA2252628958A00DE614A /* CollecionDeJuegos.xcdatamodel */;
			path = CollecionDeJuegos.xcdatamodeld;
			sourceTree = "<group>";
			versionGroupType = wrapper.xcdatamodel;
		};
/* End XCVersionGroup section */
	};
	rootObject = CF8CA2102628958A00DE614A /* Project object */;
}
