// !$*UTF8*$!
{
	archiveVersion = 1;
	classes = {
	};
	objectVersion = 50;
	objects = {

/* Begin PBXBuildFile section */
		CF6A8F882644537D00C8DE8E /* Poke_Form.swift in Sources */ = {isa = PBXBuildFile; fileRef = CF6A8F872644537D00C8DE8E /* Poke_Form.swift */; };
		CF6A8F8B264454E900C8DE8E /* ViewModelPokemonForm.swift in Sources */ = {isa = PBXBuildFile; fileRef = CF6A8F8A264454E900C8DE8E /* ViewModelPokemonForm.swift */; };
		CF6A8F8E264458E100C8DE8E /* Sprite.swift in Sources */ = {isa = PBXBuildFile; fileRef = CF6A8F8D264458E100C8DE8E /* Sprite.swift */; };
		CFF677F72644379800798B39 /* AppDelegate.swift in Sources */ = {isa = PBXBuildFile; fileRef = CFF677F62644379800798B39 /* AppDelegate.swift */; };
		CFF677F92644379800798B39 /* SceneDelegate.swift in Sources */ = {isa = PBXBuildFile; fileRef = CFF677F82644379800798B39 /* SceneDelegate.swift */; };
		CFF677FB2644379800798B39 /* ViewController.swift in Sources */ = {isa = PBXBuildFile; fileRef = CFF677FA2644379800798B39 /* ViewController.swift */; };
		CFF677FE2644379800798B39 /* Main.storyboard in Resources */ = {isa = PBXBuildFile; fileRef = CFF677FC2644379800798B39 /* Main.storyboard */; };
		CFF678012644379800798B39 /* Lab09.xcdatamodeld in Sources */ = {isa = PBXBuildFile; fileRef = CFF677FF2644379800798B39 /* Lab09.xcdatamodeld */; };
		CFF678032644379D00798B39 /* Assets.xcassets in Resources */ = {isa = PBXBuildFile; fileRef = CFF678022644379D00798B39 /* Assets.xcassets */; };
		CFF678062644379D00798B39 /* LaunchScreen.storyboard in Resources */ = {isa = PBXBuildFile; fileRef = CFF678042644379D00798B39 /* LaunchScreen.storyboard */; };
		CFF678182644436200798B39 /* LisPockemon.swift in Sources */ = {isa = PBXBuildFile; fileRef = CFF678172644436200798B39 /* LisPockemon.swift */; };
		CFF6781B2644437A00798B39 /* Pokedex.swift in Sources */ = {isa = PBXBuildFile; fileRef = CFF6781A2644437A00798B39 /* Pokedex.swift */; };
		CFF6781E2644443800798B39 /* ViewModelPokemon.swift in Sources */ = {isa = PBXBuildFile; fileRef = CFF6781D2644443800798B39 /* ViewModelPokemon.swift */; };
/* End PBXBuildFile section */

/* Begin PBXFileReference section */
		CF6A8F872644537D00C8DE8E /* Poke_Form.swift */ = {isa = PBXFileReference; lastKnownFileType = sourcecode.swift; path = Poke_Form.swift; sourceTree = "<group>"; };
		CF6A8F8A264454E900C8DE8E /* ViewModelPokemonForm.swift */ = {isa = PBXFileReference; lastKnownFileType = sourcecode.swift; path = ViewModelPokemonForm.swift; sourceTree = "<group>"; };
		CF6A8F8D264458E100C8DE8E /* Sprite.swift */ = {isa = PBXFileReference; lastKnownFileType = sourcecode.swift; path = Sprite.swift; sourceTree = "<group>"; };
		CFF677F32644379800798B39 /* Lab09.app */ = {isa = PBXFileReference; explicitFileType = wrapper.application; includeInIndex = 0; path = Lab09.app; sourceTree = BUILT_PRODUCTS_DIR; };
		CFF677F62644379800798B39 /* AppDelegate.swift */ = {isa = PBXFileReference; lastKnownFileType = sourcecode.swift; path = AppDelegate.swift; sourceTree = "<group>"; };
		CFF677F82644379800798B39 /* SceneDelegate.swift */ = {isa = PBXFileReference; lastKnownFileType = sourcecode.swift; path = SceneDelegate.swift; sourceTree = "<group>"; };
		CFF677FA2644379800798B39 /* ViewController.swift */ = {isa = PBXFileReference; lastKnownFileType = sourcecode.swift; path = ViewController.swift; sourceTree = "<group>"; };
		CFF677FD2644379800798B39 /* Base */ = {isa = PBXFileReference; lastKnownFileType = file.storyboard; name = Base; path = Base.lproj/Main.storyboard; sourceTree = "<group>"; };
		CFF678002644379800798B39 /* Lab09.xcdatamodel */ = {isa = PBXFileReference; lastKnownFileType = wrapper.xcdatamodel; path = Lab09.xcdatamodel; sourceTree = "<group>"; };
		CFF678022644379D00798B39 /* Assets.xcassets */ = {isa = PBXFileReference; lastKnownFileType = folder.assetcatalog; path = Assets.xcassets; sourceTree = "<group>"; };
		CFF678052644379D00798B39 /* Base */ = {isa = PBXFileReference; lastKnownFileType = file.storyboard; name = Base; path = Base.lproj/LaunchScreen.storyboard; sourceTree = "<group>"; };
		CFF678072644379D00798B39 /* Info.plist */ = {isa = PBXFileReference; lastKnownFileType = text.plist.xml; path = Info.plist; sourceTree = "<group>"; };
		CFF678172644436200798B39 /* LisPockemon.swift */ = {isa = PBXFileReference; lastKnownFileType = sourcecode.swift; path = LisPockemon.swift; sourceTree = "<group>"; };
		CFF6781A2644437A00798B39 /* Pokedex.swift */ = {isa = PBXFileReference; lastKnownFileType = sourcecode.swift; path = Pokedex.swift; sourceTree = "<group>"; };
		CFF6781D2644443800798B39 /* ViewModelPokemon.swift */ = {isa = PBXFileReference; lastKnownFileType = sourcecode.swift; path = ViewModelPokemon.swift; sourceTree = "<group>"; };
/* End PBXFileReference section */

/* Begin PBXFrameworksBuildPhase section */
		CFF677F02644379800798B39 /* Frameworks */ = {
			isa = PBXFrameworksBuildPhase;
			buildActionMask = 2147483647;
			files = (
			);
			runOnlyForDeploymentPostprocessing = 0;
		};
/* End PBXFrameworksBuildPhase section */

/* Begin PBXGroup section */
		CFF677EA2644379800798B39 = {
			isa = PBXGroup;
			children = (
				CFF677F52644379800798B39 /* Lab09 */,
				CFF677F42644379800798B39 /* Products */,
			);
			sourceTree = "<group>";
		};
		CFF677F42644379800798B39 /* Products */ = {
			isa = PBXGroup;
			children = (
				CFF677F32644379800798B39 /* Lab09.app */,
			);
			name = Products;
			sourceTree = "<group>";
		};
		CFF677F52644379800798B39 /* Lab09 */ = {
			isa = PBXGroup;
			children = (
				CFF6780E264438A400798B39 /* Main */,
				CFF678042644379D00798B39 /* LaunchScreen.storyboard */,
				CFF678072644379D00798B39 /* Info.plist */,
				CFF677FF2644379800798B39 /* Lab09.xcdatamodeld */,
			);
			path = Lab09;
			sourceTree = "<group>";
		};
		CFF6780E264438A400798B39 /* Main */ = {
			isa = PBXGroup;
			children = (
				CFF678142644391E00798B39 /* Resources */,
				CFF678132644391400798B39 /* Screens */,
				CFF678122644390800798B39 /* Application */,
				CFF67811264438FF00798B39 /* View */,
				CFF67810264438F600798B39 /* Model */,
				CFF6780F264438C200798B39 /* ViewModel */,
			);
			path = Main;
			sourceTree = "<group>";
		};
		CFF6780F264438C200798B39 /* ViewModel */ = {
			isa = PBXGroup;
			children = (
				CFF6781D2644443800798B39 /* ViewModelPokemon.swift */,
				CF6A8F8A264454E900C8DE8E /* ViewModelPokemonForm.swift */,
			);
			path = ViewModel;
			sourceTree = "<group>";
		};
		CFF67810264438F600798B39 /* Model */ = {
			isa = PBXGroup;
			children = (
				CFF678172644436200798B39 /* LisPockemon.swift */,
				CFF6781A2644437A00798B39 /* Pokedex.swift */,
				CF6A8F872644537D00C8DE8E /* Poke_Form.swift */,
				CF6A8F8D264458E100C8DE8E /* Sprite.swift */,
			);
			path = Model;
			sourceTree = "<group>";
		};
		CFF67811264438FF00798B39 /* View */ = {
			isa = PBXGroup;
			children = (
				CFF677FA2644379800798B39 /* ViewController.swift */,
			);
			path = View;
			sourceTree = "<group>";
		};
		CFF678122644390800798B39 /* Application */ = {
			isa = PBXGroup;
			children = (
				CFF677F62644379800798B39 /* AppDelegate.swift */,
				CFF677F82644379800798B39 /* SceneDelegate.swift */,
			);
			path = Application;
			sourceTree = "<group>";
		};
		CFF678132644391400798B39 /* Screens */ = {
			isa = PBXGroup;
			children = (
				CFF677FC2644379800798B39 /* Main.storyboard */,
			);
			path = Screens;
			sourceTree = "<group>";
		};
		CFF678142644391E00798B39 /* Resources */ = {
			isa = PBXGroup;
			children = (
				CFF678022644379D00798B39 /* Assets.xcassets */,
			);
			path = Resources;
			sourceTree = "<group>";
		};
/* End PBXGroup section */

/* Begin PBXNativeTarget section */
		CFF677F22644379800798B39 /* Lab09 */ = {
			isa = PBXNativeTarget;
			buildConfigurationList = CFF6780A2644379D00798B39 /* Build configuration list for PBXNativeTarget "Lab09" */;
			buildPhases = (
				CFF677EF2644379800798B39 /* Sources */,
				CFF677F02644379800798B39 /* Frameworks */,
				CFF677F12644379800798B39 /* Resources */,
			);
			buildRules = (
			);
			dependencies = (
			);
			name = Lab09;
			productName = Lab09;
			productReference = CFF677F32644379800798B39 /* Lab09.app */;
			productType = "com.apple.product-type.application";
		};
/* End PBXNativeTarget section */

/* Begin PBXProject section */
		CFF677EB2644379800798B39 /* Project object */ = {
			isa = PBXProject;
			attributes = {
				LastSwiftUpdateCheck = 1240;
				LastUpgradeCheck = 1240;
				TargetAttributes = {
					CFF677F22644379800798B39 = {
						CreatedOnToolsVersion = 12.4;
					};
				};
			};
			buildConfigurationList = CFF677EE2644379800798B39 /* Build configuration list for PBXProject "Lab09" */;
			compatibilityVersion = "Xcode 9.3";
			developmentRegion = en;
			hasScannedForEncodings = 0;
			knownRegions = (
				en,
				Base,
			);
			mainGroup = CFF677EA2644379800798B39;
			productRefGroup = CFF677F42644379800798B39 /* Products */;
			projectDirPath = "";
			projectRoot = "";
			targets = (
				CFF677F22644379800798B39 /* Lab09 */,
			);
		};
/* End PBXProject section */

/* Begin PBXResourcesBuildPhase section */
		CFF677F12644379800798B39 /* Resources */ = {
			isa = PBXResourcesBuildPhase;
			buildActionMask = 2147483647;
			files = (
				CFF678062644379D00798B39 /* LaunchScreen.storyboard in Resources */,
				CFF678032644379D00798B39 /* Assets.xcassets in Resources */,
				CFF677FE2644379800798B39 /* Main.storyboard in Resources */,
			);
			runOnlyForDeploymentPostprocessing = 0;
		};
/* End PBXResourcesBuildPhase section */

/* Begin PBXSourcesBuildPhase section */
		CFF677EF2644379800798B39 /* Sources */ = {
			isa = PBXSourcesBuildPhase;
			buildActionMask = 2147483647;
			files = (
				CF6A8F8E264458E100C8DE8E /* Sprite.swift in Sources */,
				CFF678182644436200798B39 /* LisPockemon.swift in Sources */,
				CF6A8F882644537D00C8DE8E /* Poke_Form.swift in Sources */,
				CFF677FB2644379800798B39 /* ViewController.swift in Sources */,
				CFF6781B2644437A00798B39 /* Pokedex.swift in Sources */,
				CF6A8F8B264454E900C8DE8E /* ViewModelPokemonForm.swift in Sources */,
				CFF677F72644379800798B39 /* AppDelegate.swift in Sources */,
				CFF678012644379800798B39 /* Lab09.xcdatamodeld in Sources */,
				CFF677F92644379800798B39 /* SceneDelegate.swift in Sources */,
				CFF6781E2644443800798B39 /* ViewModelPokemon.swift in Sources */,
			);
			runOnlyForDeploymentPostprocessing = 0;
		};
/* End PBXSourcesBuildPhase section */

/* Begin PBXVariantGroup section */
		CFF677FC2644379800798B39 /* Main.storyboard */ = {
			isa = PBXVariantGroup;
			children = (
				CFF677FD2644379800798B39 /* Base */,
			);
			name = Main.storyboard;
			sourceTree = "<group>";
		};
		CFF678042644379D00798B39 /* LaunchScreen.storyboard */ = {
			isa = PBXVariantGroup;
			children = (
				CFF678052644379D00798B39 /* Base */,
			);
			name = LaunchScreen.storyboard;
			sourceTree = "<group>";
		};
/* End PBXVariantGroup section */

/* Begin XCBuildConfiguration section */
		CFF678082644379D00798B39 /* Debug */ = {
			isa = XCBuildConfiguration;
			buildSettings = {
				ALWAYS_SEARCH_USER_PATHS = NO;
				CLANG_ANALYZER_NONNULL = YES;
				CLANG_ANALYZER_NUMBER_OBJECT_CONVERSION = YES_AGGRESSIVE;
				CLANG_CXX_LANGUAGE_STANDARD = "gnu++14";
				CLANG_CXX_LIBRARY = "libc++";
				CLANG_ENABLE_MODULES = YES;
				CLANG_ENABLE_OBJC_ARC = YES;
				CLANG_ENABLE_OBJC_WEAK = YES;
				CLANG_WARN_BLOCK_CAPTURE_AUTORELEASING = YES;
				CLANG_WARN_BOOL_CONVERSION = YES;
				CLANG_WARN_COMMA = YES;
				CLANG_WARN_CONSTANT_CONVERSION = YES;
				CLANG_WARN_DEPRECATED_OBJC_IMPLEMENTATIONS = YES;
				CLANG_WARN_DIRECT_OBJC_ISA_USAGE = YES_ERROR;
				CLANG_WARN_DOCUMENTATION_COMMENTS = YES;
				CLANG_WARN_EMPTY_BODY = YES;
				CLANG_WARN_ENUM_CONVERSION = YES;
				CLANG_WARN_INFINITE_RECURSION = YES;
				CLANG_WARN_INT_CONVERSION = YES;
				CLANG_WARN_NON_LITERAL_NULL_CONVERSION = YES;
				CLANG_WARN_OBJC_IMPLICIT_RETAIN_SELF = YES;
				CLANG_WARN_OBJC_LITERAL_CONVERSION = YES;
				CLANG_WARN_OBJC_ROOT_CLASS = YES_ERROR;
				CLANG_WARN_QUOTED_INCLUDE_IN_FRAMEWORK_HEADER = YES;
				CLANG_WARN_RANGE_LOOP_ANALYSIS = YES;
				CLANG_WARN_STRICT_PROTOTYPES = YES;
				CLANG_WARN_SUSPICIOUS_MOVE = YES;
				CLANG_WARN_UNGUARDED_AVAILABILITY = YES_AGGRESSIVE;
				CLANG_WARN_UNREACHABLE_CODE = YES;
				CLANG_WARN__DUPLICATE_METHOD_MATCH = YES;
				COPY_PHASE_STRIP = NO;
				DEBUG_INFORMATION_FORMAT = dwarf;
				ENABLE_STRICT_OBJC_MSGSEND = YES;
				ENABLE_TESTABILITY = YES;
				GCC_C_LANGUAGE_STANDARD = gnu11;
				GCC_DYNAMIC_NO_PIC = NO;
				GCC_NO_COMMON_BLOCKS = YES;
				GCC_OPTIMIZATION_LEVEL = 0;
				GCC_PREPROCESSOR_DEFINITIONS = (
					"DEBUG=1",
					"$(inherited)",
				);
				GCC_WARN_64_TO_32_BIT_CONVERSION = YES;
				GCC_WARN_ABOUT_RETURN_TYPE = YES_ERROR;
				GCC_WARN_UNDECLARED_SELECTOR = YES;
				GCC_WARN_UNINITIALIZED_AUTOS = YES_AGGRESSIVE;
				GCC_WARN_UNUSED_FUNCTION = YES;
				GCC_WARN_UNUSED_VARIABLE = YES;
				IPHONEOS_DEPLOYMENT_TARGET = 14.4;
				MTL_ENABLE_DEBUG_INFO = INCLUDE_SOURCE;
				MTL_FAST_MATH = YES;
				ONLY_ACTIVE_ARCH = YES;
				SDKROOT = iphoneos;
				SWIFT_ACTIVE_COMPILATION_CONDITIONS = DEBUG;
				SWIFT_OPTIMIZATION_LEVEL = "-Onone";
			};
			name = Debug;
		};
		CFF678092644379D00798B39 /* Release */ = {
			isa = XCBuildConfiguration;
			buildSettings = {
				ALWAYS_SEARCH_USER_PATHS = NO;
				CLANG_ANALYZER_NONNULL = YES;
				CLANG_ANALYZER_NUMBER_OBJECT_CONVERSION = YES_AGGRESSIVE;
				CLANG_CXX_LANGUAGE_STANDARD = "gnu++14";
				CLANG_CXX_LIBRARY = "libc++";
				CLANG_ENABLE_MODULES = YES;
				CLANG_ENABLE_OBJC_ARC = YES;
				CLANG_ENABLE_OBJC_WEAK = YES;
				CLANG_WARN_BLOCK_CAPTURE_AUTORELEASING = YES;
				CLANG_WARN_BOOL_CONVERSION = YES;
				CLANG_WARN_COMMA = YES;
				CLANG_WARN_CONSTANT_CONVERSION = YES;
				CLANG_WARN_DEPRECATED_OBJC_IMPLEMENTATIONS = YES;
				CLANG_WARN_DIRECT_OBJC_ISA_USAGE = YES_ERROR;
				CLANG_WARN_DOCUMENTATION_COMMENTS = YES;
				CLANG_WARN_EMPTY_BODY = YES;
				CLANG_WARN_ENUM_CONVERSION = YES;
				CLANG_WARN_INFINITE_RECURSION = YES;
				CLANG_WARN_INT_CONVERSION = YES;
				CLANG_WARN_NON_LITERAL_NULL_CONVERSION = YES;
				CLANG_WARN_OBJC_IMPLICIT_RETAIN_SELF = YES;
				CLANG_WARN_OBJC_LITERAL_CONVERSION = YES;
				CLANG_WARN_OBJC_ROOT_CLASS = YES_ERROR;
				CLANG_WARN_QUOTED_INCLUDE_IN_FRAMEWORK_HEADER = YES;
				CLANG_WARN_RANGE_LOOP_ANALYSIS = YES;
				CLANG_WARN_STRICT_PROTOTYPES = YES;
				CLANG_WARN_SUSPICIOUS_MOVE = YES;
				CLANG_WARN_UNGUARDED_AVAILABILITY = YES_AGGRESSIVE;
				CLANG_WARN_UNREACHABLE_CODE = YES;
				CLANG_WARN__DUPLICATE_METHOD_MATCH = YES;
				COPY_PHASE_STRIP = NO;
				DEBUG_INFORMATION_FORMAT = "dwarf-with-dsym";
				ENABLE_NS_ASSERTIONS = NO;
				ENABLE_STRICT_OBJC_MSGSEND = YES;
				GCC_C_LANGUAGE_STANDARD = gnu11;
				GCC_NO_COMMON_BLOCKS = YES;
				GCC_WARN_64_TO_32_BIT_CONVERSION = YES;
				GCC_WARN_ABOUT_RETURN_TYPE = YES_ERROR;
				GCC_WARN_UNDECLARED_SELECTOR = YES;
				GCC_WARN_UNINITIALIZED_AUTOS = YES_AGGRESSIVE;
				GCC_WARN_UNUSED_FUNCTION = YES;
				GCC_WARN_UNUSED_VARIABLE = YES;
				IPHONEOS_DEPLOYMENT_TARGET = 14.4;
				MTL_ENABLE_DEBUG_INFO = NO;
				MTL_FAST_MATH = YES;
				SDKROOT = iphoneos;
				SWIFT_COMPILATION_MODE = wholemodule;
				SWIFT_OPTIMIZATION_LEVEL = "-O";
				VALIDATE_PRODUCT = YES;
			};
			name = Release;
		};
		CFF6780B2644379D00798B39 /* Debug */ = {
			isa = XCBuildConfiguration;
			buildSettings = {
				ASSETCATALOG_COMPILER_APPICON_NAME = AppIcon;
				ASSETCATALOG_COMPILER_GLOBAL_ACCENT_COLOR_NAME = AccentColor;
				CODE_SIGN_STYLE = Automatic;
				INFOPLIST_FILE = Lab09/Info.plist;
				LD_RUNPATH_SEARCH_PATHS = (
					"$(inherited)",
					"@executable_path/Frameworks",
				);
				PRODUCT_BUNDLE_IDENTIFIER = com.tecsup.Lab09;
				PRODUCT_NAME = "$(TARGET_NAME)";
				SWIFT_VERSION = 5.0;
				TARGETED_DEVICE_FAMILY = "1,2";
			};
			name = Debug;
		};
		CFF6780C2644379D00798B39 /* Release */ = {
			isa = XCBuildConfiguration;
			buildSettings = {
				ASSETCATALOG_COMPILER_APPICON_NAME = AppIcon;
				ASSETCATALOG_COMPILER_GLOBAL_ACCENT_COLOR_NAME = AccentColor;
				CODE_SIGN_STYLE = Automatic;
				INFOPLIST_FILE = Lab09/Info.plist;
				LD_RUNPATH_SEARCH_PATHS = (
					"$(inherited)",
					"@executable_path/Frameworks",
				);
				PRODUCT_BUNDLE_IDENTIFIER = com.tecsup.Lab09;
				PRODUCT_NAME = "$(TARGET_NAME)";
				SWIFT_VERSION = 5.0;
				TARGETED_DEVICE_FAMILY = "1,2";
			};
			name = Release;
		};
/* End XCBuildConfiguration section */

/* Begin XCConfigurationList section */
		CFF677EE2644379800798B39 /* Build configuration list for PBXProject "Lab09" */ = {
			isa = XCConfigurationList;
			buildConfigurations = (
				CFF678082644379D00798B39 /* Debug */,
				CFF678092644379D00798B39 /* Release */,
			);
			defaultConfigurationIsVisible = 0;
			defaultConfigurationName = Release;
		};
		CFF6780A2644379D00798B39 /* Build configuration list for PBXNativeTarget "Lab09" */ = {
			isa = XCConfigurationList;
			buildConfigurations = (
				CFF6780B2644379D00798B39 /* Debug */,
				CFF6780C2644379D00798B39 /* Release */,
			);
			defaultConfigurationIsVisible = 0;
			defaultConfigurationName = Release;
		};
/* End XCConfigurationList section */

/* Begin XCVersionGroup section */
		CFF677FF2644379800798B39 /* Lab09.xcdatamodeld */ = {
			isa = XCVersionGroup;
			children = (
				CFF678002644379800798B39 /* Lab09.xcdatamodel */,
			);
			currentVersion = CFF678002644379800798B39 /* Lab09.xcdatamodel */;
			path = Lab09.xcdatamodeld;
			sourceTree = "<group>";
			versionGroupType = wrapper.xcdatamodel;
		};
/* End XCVersionGroup section */
	};
	rootObject = CFF677EB2644379800798B39 /* Project object */;
}
