// !$*UTF8*$!
{
	archiveVersion = 1;
	classes = {
	};
	objectVersion = 50;
	objects = {

/* Begin PBXBuildFile section */
		CF089DD12631C67E004AD532 /* AppDelegate.swift in Sources */ = {isa = PBXBuildFile; fileRef = CF089DD02631C67E004AD532 /* AppDelegate.swift */; };
		CF089DD32631C67E004AD532 /* SceneDelegate.swift in Sources */ = {isa = PBXBuildFile; fileRef = CF089DD22631C67E004AD532 /* SceneDelegate.swift */; };
		CF089DD52631C67E004AD532 /* ViewController.swift in Sources */ = {isa = PBXBuildFile; fileRef = CF089DD42631C67E004AD532 /* ViewController.swift */; };
		CF089DD82631C67E004AD532 /* Main.storyboard in Resources */ = {isa = PBXBuildFile; fileRef = CF089DD62631C67E004AD532 /* Main.storyboard */; };
		CF089DDB2631C67E004AD532 /* SoundBoard.xcdatamodeld in Sources */ = {isa = PBXBuildFile; fileRef = CF089DD92631C67E004AD532 /* SoundBoard.xcdatamodeld */; };
		CF089DDD2631C682004AD532 /* Assets.xcassets in Resources */ = {isa = PBXBuildFile; fileRef = CF089DDC2631C682004AD532 /* Assets.xcassets */; };
		CF089DE02631C682004AD532 /* LaunchScreen.storyboard in Resources */ = {isa = PBXBuildFile; fileRef = CF089DDE2631C682004AD532 /* LaunchScreen.storyboard */; };
		CF089DF12631CC9F004AD532 /* UtilView.swift in Sources */ = {isa = PBXBuildFile; fileRef = CF089DF02631CC9F004AD532 /* UtilView.swift */; };
		CFFFC8A8263616A100BEE8C6 /* SoundViewController.swift in Sources */ = {isa = PBXBuildFile; fileRef = CFFFC8A7263616A100BEE8C6 /* SoundViewController.swift */; };
/* End PBXBuildFile section */

/* Begin PBXFileReference section */
		CF089DCD2631C67E004AD532 /* SoundBoard.app */ = {isa = PBXFileReference; explicitFileType = wrapper.application; includeInIndex = 0; path = SoundBoard.app; sourceTree = BUILT_PRODUCTS_DIR; };
		CF089DD02631C67E004AD532 /* AppDelegate.swift */ = {isa = PBXFileReference; lastKnownFileType = sourcecode.swift; path = AppDelegate.swift; sourceTree = "<group>"; };
		CF089DD22631C67E004AD532 /* SceneDelegate.swift */ = {isa = PBXFileReference; lastKnownFileType = sourcecode.swift; path = SceneDelegate.swift; sourceTree = "<group>"; };
		CF089DD42631C67E004AD532 /* ViewController.swift */ = {isa = PBXFileReference; lastKnownFileType = sourcecode.swift; path = ViewController.swift; sourceTree = "<group>"; };
		CF089DD72631C67E004AD532 /* Base */ = {isa = PBXFileReference; lastKnownFileType = file.storyboard; name = Base; path = Base.lproj/Main.storyboard; sourceTree = "<group>"; };
		CF089DDA2631C67E004AD532 /* SoundBoard.xcdatamodel */ = {isa = PBXFileReference; lastKnownFileType = wrapper.xcdatamodel; path = SoundBoard.xcdatamodel; sourceTree = "<group>"; };
		CF089DDC2631C682004AD532 /* Assets.xcassets */ = {isa = PBXFileReference; lastKnownFileType = folder.assetcatalog; path = Assets.xcassets; sourceTree = "<group>"; };
		CF089DDF2631C682004AD532 /* Base */ = {isa = PBXFileReference; lastKnownFileType = file.storyboard; name = Base; path = Base.lproj/LaunchScreen.storyboard; sourceTree = "<group>"; };
		CF089DE12631C682004AD532 /* Info.plist */ = {isa = PBXFileReference; lastKnownFileType = text.plist.xml; path = Info.plist; sourceTree = "<group>"; };
		CF089DF02631CC9F004AD532 /* UtilView.swift */ = {isa = PBXFileReference; lastKnownFileType = sourcecode.swift; path = UtilView.swift; sourceTree = "<group>"; };
		CFFFC8A7263616A100BEE8C6 /* SoundViewController.swift */ = {isa = PBXFileReference; lastKnownFileType = sourcecode.swift; path = SoundViewController.swift; sourceTree = "<group>"; };
/* End PBXFileReference section */

/* Begin PBXFrameworksBuildPhase section */
		CF089DCA2631C67E004AD532 /* Frameworks */ = {
			isa = PBXFrameworksBuildPhase;
			buildActionMask = 2147483647;
			files = (
			);
			runOnlyForDeploymentPostprocessing = 0;
		};
/* End PBXFrameworksBuildPhase section */

/* Begin PBXGroup section */
		CF089DC42631C67E004AD532 = {
			isa = PBXGroup;
			children = (
				CF089DCF2631C67E004AD532 /* SoundBoard */,
				CF089DCE2631C67E004AD532 /* Products */,
			);
			sourceTree = "<group>";
		};
		CF089DCE2631C67E004AD532 /* Products */ = {
			isa = PBXGroup;
			children = (
				CF089DCD2631C67E004AD532 /* SoundBoard.app */,
			);
			name = Products;
			sourceTree = "<group>";
		};
		CF089DCF2631C67E004AD532 /* SoundBoard */ = {
			isa = PBXGroup;
			children = (
				CF089DEF2631CC1B004AD532 /* Application */,
				CF089DEE2631CC07004AD532 /* Controllers */,
				CF089DED2631CBF6004AD532 /* Utils */,
				CF089DEB2631CBE6004AD532 /* Resources */,
				CF089DEA2631CBC7004AD532 /* Models */,
				CF089DE82631CBB8004AD532 /* Views */,
				CF089DE12631C682004AD532 /* Info.plist */,
				CF089DD92631C67E004AD532 /* SoundBoard.xcdatamodeld */,
			);
			path = SoundBoard;
			sourceTree = "<group>";
		};
		CF089DE82631CBB8004AD532 /* Views */ = {
			isa = PBXGroup;
			children = (
				CF089DDE2631C682004AD532 /* LaunchScreen.storyboard */,
				CF089DD62631C67E004AD532 /* Main.storyboard */,
			);
			path = Views;
			sourceTree = "<group>";
		};
		CF089DEA2631CBC7004AD532 /* Models */ = {
			isa = PBXGroup;
			children = (
			);
			path = Models;
			sourceTree = "<group>";
		};
		CF089DEB2631CBE6004AD532 /* Resources */ = {
			isa = PBXGroup;
			children = (
				CF089DDC2631C682004AD532 /* Assets.xcassets */,
			);
			path = Resources;
			sourceTree = "<group>";
		};
		CF089DED2631CBF6004AD532 /* Utils */ = {
			isa = PBXGroup;
			children = (
				CF089DF02631CC9F004AD532 /* UtilView.swift */,
			);
			path = Utils;
			sourceTree = "<group>";
		};
		CF089DEE2631CC07004AD532 /* Controllers */ = {
			isa = PBXGroup;
			children = (
				CF089DD42631C67E004AD532 /* ViewController.swift */,
				CFFFC8A7263616A100BEE8C6 /* SoundViewController.swift */,
			);
			path = Controllers;
			sourceTree = "<group>";
		};
		CF089DEF2631CC1B004AD532 /* Application */ = {
			isa = PBXGroup;
			children = (
				CF089DD02631C67E004AD532 /* AppDelegate.swift */,
				CF089DD22631C67E004AD532 /* SceneDelegate.swift */,
			);
			path = Application;
			sourceTree = "<group>";
		};
/* End PBXGroup section */

/* Begin PBXNativeTarget section */
		CF089DCC2631C67E004AD532 /* SoundBoard */ = {
			isa = PBXNativeTarget;
			buildConfigurationList = CF089DE42631C682004AD532 /* Build configuration list for PBXNativeTarget "SoundBoard" */;
			buildPhases = (
				CF089DC92631C67E004AD532 /* Sources */,
				CF089DCA2631C67E004AD532 /* Frameworks */,
				CF089DCB2631C67E004AD532 /* Resources */,
			);
			buildRules = (
			);
			dependencies = (
			);
			name = SoundBoard;
			productName = SoundBoard;
			productReference = CF089DCD2631C67E004AD532 /* SoundBoard.app */;
			productType = "com.apple.product-type.application";
		};
/* End PBXNativeTarget section */

/* Begin PBXProject section */
		CF089DC52631C67E004AD532 /* Project object */ = {
			isa = PBXProject;
			attributes = {
				LastSwiftUpdateCheck = 1240;
				LastUpgradeCheck = 1240;
				TargetAttributes = {
					CF089DCC2631C67E004AD532 = {
						CreatedOnToolsVersion = 12.4;
					};
				};
			};
			buildConfigurationList = CF089DC82631C67E004AD532 /* Build configuration list for PBXProject "SoundBoard" */;
			compatibilityVersion = "Xcode 9.3";
			developmentRegion = en;
			hasScannedForEncodings = 0;
			knownRegions = (
				en,
				Base,
			);
			mainGroup = CF089DC42631C67E004AD532;
			productRefGroup = CF089DCE2631C67E004AD532 /* Products */;
			projectDirPath = "";
			projectRoot = "";
			targets = (
				CF089DCC2631C67E004AD532 /* SoundBoard */,
			);
		};
/* End PBXProject section */

/* Begin PBXResourcesBuildPhase section */
		CF089DCB2631C67E004AD532 /* Resources */ = {
			isa = PBXResourcesBuildPhase;
			buildActionMask = 2147483647;
			files = (
				CF089DE02631C682004AD532 /* LaunchScreen.storyboard in Resources */,
				CF089DDD2631C682004AD532 /* Assets.xcassets in Resources */,
				CF089DD82631C67E004AD532 /* Main.storyboard in Resources */,
			);
			runOnlyForDeploymentPostprocessing = 0;
		};
/* End PBXResourcesBuildPhase section */

/* Begin PBXSourcesBuildPhase section */
		CF089DC92631C67E004AD532 /* Sources */ = {
			isa = PBXSourcesBuildPhase;
			buildActionMask = 2147483647;
			files = (
				CF089DDB2631C67E004AD532 /* SoundBoard.xcdatamodeld in Sources */,
				CF089DD52631C67E004AD532 /* ViewController.swift in Sources */,
				CF089DD12631C67E004AD532 /* AppDelegate.swift in Sources */,
				CF089DD32631C67E004AD532 /* SceneDelegate.swift in Sources */,
				CFFFC8A8263616A100BEE8C6 /* SoundViewController.swift in Sources */,
				CF089DF12631CC9F004AD532 /* UtilView.swift in Sources */,
			);
			runOnlyForDeploymentPostprocessing = 0;
		};
/* End PBXSourcesBuildPhase section */

/* Begin PBXVariantGroup section */
		CF089DD62631C67E004AD532 /* Main.storyboard */ = {
			isa = PBXVariantGroup;
			children = (
				CF089DD72631C67E004AD532 /* Base */,
			);
			name = Main.storyboard;
			sourceTree = "<group>";
		};
		CF089DDE2631C682004AD532 /* LaunchScreen.storyboard */ = {
			isa = PBXVariantGroup;
			children = (
				CF089DDF2631C682004AD532 /* Base */,
			);
			name = LaunchScreen.storyboard;
			sourceTree = "<group>";
		};
/* End PBXVariantGroup section */

/* Begin XCBuildConfiguration section */
		CF089DE22631C682004AD532 /* Debug */ = {
			isa = XCBuildConfiguration;
			buildSettings = {
				ALWAYS_SEARCH_USER_PATHS = NO;
				CLANG_ANALYZER_NONNULL = YES;
				CLANG_ANALYZER_NUMBER_OBJECT_CONVERSION = YES_AGGRESSIVE;
				CLANG_CXX_LANGUAGE_STANDARD = "gnu++14";
				CLANG_CXX_LIBRARY = "libc++";
				CLANG_ENABLE_MODULES = YES;
				CLANG_ENABLE_OBJC_ARC = YES;
				CLANG_ENABLE_OBJC_WEAK = YES;
				CLANG_WARN_BLOCK_CAPTURE_AUTORELEASING = YES;
				CLANG_WARN_BOOL_CONVERSION = YES;
				CLANG_WARN_COMMA = YES;
				CLANG_WARN_CONSTANT_CONVERSION = YES;
				CLANG_WARN_DEPRECATED_OBJC_IMPLEMENTATIONS = YES;
				CLANG_WARN_DIRECT_OBJC_ISA_USAGE = YES_ERROR;
				CLANG_WARN_DOCUMENTATION_COMMENTS = YES;
				CLANG_WARN_EMPTY_BODY = YES;
				CLANG_WARN_ENUM_CONVERSION = YES;
				CLANG_WARN_INFINITE_RECURSION = YES;
				CLANG_WARN_INT_CONVERSION = YES;
				CLANG_WARN_NON_LITERAL_NULL_CONVERSION = YES;
				CLANG_WARN_OBJC_IMPLICIT_RETAIN_SELF = YES;
				CLANG_WARN_OBJC_LITERAL_CONVERSION = YES;
				CLANG_WARN_OBJC_ROOT_CLASS = YES_ERROR;
				CLANG_WARN_QUOTED_INCLUDE_IN_FRAMEWORK_HEADER = YES;
				CLANG_WARN_RANGE_LOOP_ANALYSIS = YES;
				CLANG_WARN_STRICT_PROTOTYPES = YES;
				CLANG_WARN_SUSPICIOUS_MOVE = YES;
				CLANG_WARN_UNGUARDED_AVAILABILITY = YES_AGGRESSIVE;
				CLANG_WARN_UNREACHABLE_CODE = YES;
				CLANG_WARN__DUPLICATE_METHOD_MATCH = YES;
				COPY_PHASE_STRIP = NO;
				DEBUG_INFORMATION_FORMAT = dwarf;
				ENABLE_STRICT_OBJC_MSGSEND = YES;
				ENABLE_TESTABILITY = YES;
				GCC_C_LANGUAGE_STANDARD = gnu11;
				GCC_DYNAMIC_NO_PIC = NO;
				GCC_NO_COMMON_BLOCKS = YES;
				GCC_OPTIMIZATION_LEVEL = 0;
				GCC_PREPROCESSOR_DEFINITIONS = (
					"DEBUG=1",
					"$(inherited)",
				);
				GCC_WARN_64_TO_32_BIT_CONVERSION = YES;
				GCC_WARN_ABOUT_RETURN_TYPE = YES_ERROR;
				GCC_WARN_UNDECLARED_SELECTOR = YES;
				GCC_WARN_UNINITIALIZED_AUTOS = YES_AGGRESSIVE;
				GCC_WARN_UNUSED_FUNCTION = YES;
				GCC_WARN_UNUSED_VARIABLE = YES;
				IPHONEOS_DEPLOYMENT_TARGET = 14.4;
				MTL_ENABLE_DEBUG_INFO = INCLUDE_SOURCE;
				MTL_FAST_MATH = YES;
				ONLY_ACTIVE_ARCH = YES;
				SDKROOT = iphoneos;
				SWIFT_ACTIVE_COMPILATION_CONDITIONS = DEBUG;
				SWIFT_OPTIMIZATION_LEVEL = "-Onone";
			};
			name = Debug;
		};
		CF089DE32631C682004AD532 /* Release */ = {
			isa = XCBuildConfiguration;
			buildSettings = {
				ALWAYS_SEARCH_USER_PATHS = NO;
				CLANG_ANALYZER_NONNULL = YES;
				CLANG_ANALYZER_NUMBER_OBJECT_CONVERSION = YES_AGGRESSIVE;
				CLANG_CXX_LANGUAGE_STANDARD = "gnu++14";
				CLANG_CXX_LIBRARY = "libc++";
				CLANG_ENABLE_MODULES = YES;
				CLANG_ENABLE_OBJC_ARC = YES;
				CLANG_ENABLE_OBJC_WEAK = YES;
				CLANG_WARN_BLOCK_CAPTURE_AUTORELEASING = YES;
				CLANG_WARN_BOOL_CONVERSION = YES;
				CLANG_WARN_COMMA = YES;
				CLANG_WARN_CONSTANT_CONVERSION = YES;
				CLANG_WARN_DEPRECATED_OBJC_IMPLEMENTATIONS = YES;
				CLANG_WARN_DIRECT_OBJC_ISA_USAGE = YES_ERROR;
				CLANG_WARN_DOCUMENTATION_COMMENTS = YES;
				CLANG_WARN_EMPTY_BODY = YES;
				CLANG_WARN_ENUM_CONVERSION = YES;
				CLANG_WARN_INFINITE_RECURSION = YES;
				CLANG_WARN_INT_CONVERSION = YES;
				CLANG_WARN_NON_LITERAL_NULL_CONVERSION = YES;
				CLANG_WARN_OBJC_IMPLICIT_RETAIN_SELF = YES;
				CLANG_WARN_OBJC_LITERAL_CONVERSION = YES;
				CLANG_WARN_OBJC_ROOT_CLASS = YES_ERROR;
				CLANG_WARN_QUOTED_INCLUDE_IN_FRAMEWORK_HEADER = YES;
				CLANG_WARN_RANGE_LOOP_ANALYSIS = YES;
				CLANG_WARN_STRICT_PROTOTYPES = YES;
				CLANG_WARN_SUSPICIOUS_MOVE = YES;
				CLANG_WARN_UNGUARDED_AVAILABILITY = YES_AGGRESSIVE;
				CLANG_WARN_UNREACHABLE_CODE = YES;
				CLANG_WARN__DUPLICATE_METHOD_MATCH = YES;
				COPY_PHASE_STRIP = NO;
				DEBUG_INFORMATION_FORMAT = "dwarf-with-dsym";
				ENABLE_NS_ASSERTIONS = NO;
				ENABLE_STRICT_OBJC_MSGSEND = YES;
				GCC_C_LANGUAGE_STANDARD = gnu11;
				GCC_NO_COMMON_BLOCKS = YES;
				GCC_WARN_64_TO_32_BIT_CONVERSION = YES;
				GCC_WARN_ABOUT_RETURN_TYPE = YES_ERROR;
				GCC_WARN_UNDECLARED_SELECTOR = YES;
				GCC_WARN_UNINITIALIZED_AUTOS = YES_AGGRESSIVE;
				GCC_WARN_UNUSED_FUNCTION = YES;
				GCC_WARN_UNUSED_VARIABLE = YES;
				IPHONEOS_DEPLOYMENT_TARGET = 14.4;
				MTL_ENABLE_DEBUG_INFO = NO;
				MTL_FAST_MATH = YES;
				SDKROOT = iphoneos;
				SWIFT_COMPILATION_MODE = wholemodule;
				SWIFT_OPTIMIZATION_LEVEL = "-O";
				VALIDATE_PRODUCT = YES;
			};
			name = Release;
		};
		CF089DE52631C682004AD532 /* Debug */ = {
			isa = XCBuildConfiguration;
			buildSettings = {
				ASSETCATALOG_COMPILER_APPICON_NAME = AppIcon;
				ASSETCATALOG_COMPILER_GLOBAL_ACCENT_COLOR_NAME = AccentColor;
				CODE_SIGN_STYLE = Automatic;
				INFOPLIST_FILE = SoundBoard/Info.plist;
				LD_RUNPATH_SEARCH_PATHS = (
					"$(inherited)",
					"@executable_path/Frameworks",
				);
				PRODUCT_BUNDLE_IDENTIFIER = com.tecsup.SoundBoard;
				PRODUCT_NAME = "$(TARGET_NAME)";
				SWIFT_VERSION = 5.0;
				TARGETED_DEVICE_FAMILY = "1,2";
			};
			name = Debug;
		};
		CF089DE62631C682004AD532 /* Release */ = {
			isa = XCBuildConfiguration;
			buildSettings = {
				ASSETCATALOG_COMPILER_APPICON_NAME = AppIcon;
				ASSETCATALOG_COMPILER_GLOBAL_ACCENT_COLOR_NAME = AccentColor;
				CODE_SIGN_STYLE = Automatic;
				INFOPLIST_FILE = SoundBoard/Info.plist;
				LD_RUNPATH_SEARCH_PATHS = (
					"$(inherited)",
					"@executable_path/Frameworks",
				);
				PRODUCT_BUNDLE_IDENTIFIER = com.tecsup.SoundBoard;
				PRODUCT_NAME = "$(TARGET_NAME)";
				SWIFT_VERSION = 5.0;
				TARGETED_DEVICE_FAMILY = "1,2";
			};
			name = Release;
		};
/* End XCBuildConfiguration section */

/* Begin XCConfigurationList section */
		CF089DC82631C67E004AD532 /* Build configuration list for PBXProject "SoundBoard" */ = {
			isa = XCConfigurationList;
			buildConfigurations = (
				CF089DE22631C682004AD532 /* Debug */,
				CF089DE32631C682004AD532 /* Release */,
			);
			defaultConfigurationIsVisible = 0;
			defaultConfigurationName = Release;
		};
		CF089DE42631C682004AD532 /* Build configuration list for PBXNativeTarget "SoundBoard" */ = {
			isa = XCConfigurationList;
			buildConfigurations = (
				CF089DE52631C682004AD532 /* Debug */,
				CF089DE62631C682004AD532 /* Release */,
			);
			defaultConfigurationIsVisible = 0;
			defaultConfigurationName = Release;
		};
/* End XCConfigurationList section */

/* Begin XCVersionGroup section */
		CF089DD92631C67E004AD532 /* SoundBoard.xcdatamodeld */ = {
			isa = XCVersionGroup;
			children = (
				CF089DDA2631C67E004AD532 /* SoundBoard.xcdatamodel */,
			);
			currentVersion = CF089DDA2631C67E004AD532 /* SoundBoard.xcdatamodel */;
			path = SoundBoard.xcdatamodeld;
			sourceTree = "<group>";
			versionGroupType = wrapper.xcdatamodel;
		};
/* End XCVersionGroup section */
	};
	rootObject = CF089DC52631C67E004AD532 /* Project object */;
}
